Microsoft Visual Studio Solution File, Format Version 11.00
# Visual C++ Express 2010
Project("{8BC9CEB8-8B4A-11D0-8D11-00A0C91BC942}") = "quake3", "quake3.vcxproj", "{81CB51C4-B434-4E12-B69B-BAEE102F2852}"
EndProject
Project("{8BC9CEB8-8B4A-11D0-8D11-00A0C91BC942}") = "_game", "game.vcxproj", "{F9EE10DA-2404-4154-B904-F93C936C040A}"
EndProject
Project("{8BC9CEB8-8B4A-11D0-8D11-00A0C91BC942}") = "_cgame", "cgame.vcxproj", "{C878E295-CB82-4B40-8ECF-5CE5525466FA}"
EndProject
Project("{8BC9CEB8-8B4A-11D0-8D11-00A0C91BC942}") = "_q3_ui", "q3_ui.vcxproj", "{D454C4C7-7765-4149-ABAD-05FDEB9D94F8}"
EndProject
Project("{8BC9CEB8-8B4A-11D0-8D11-00A0C91BC942}") = "_ui", "ui.vcxproj", "{A8EAC38E-C7DA-42F8-811D-77FD092B9D19}"
EndProject
Project("{8BC9CEB8-8B4A-11D0-8D11-00A0C91BC942}") = "SDLmain", "..\..\..\SDL1.2\VisualC\SDLmain\SDLmain.vcxproj", "{DA956FD3-E142-46F2-9DD5-C78BEBB56B7A}"
EndProject
Project("{8BC9CEB8-8B4A-11D0-8D11-00A0C91BC942}") = "SDL", "..\..\..\SDL1.2\VisualC\SDL\SDL.vcxproj", "{81CE8DAF-EBB2-4761-8E45-B71ABCCA8C68}"
EndProject
Project("{8BC9CEB8-8B4A-11D0-8D11-00A0C91BC942}") = "freetype", "..\..\..\freetype-2.4.4\builds\win32\visualc\freetype.vcxproj", "{78B079BD-9FC7-4B9E-B4A6-96DA0F00248B}"
EndProject
Project("{8BC9CEB8-8B4A-11D0-8D11-00A0C91BC942}") = "ftgl_dll", "..\..\..\ftgl-svn\msvc\vc9\ftgl_dll.vcxproj", "{F7946C68-319D-441A-A732-BC2A200A9112}"
EndProject
Project("{8BC9CEB8-8B4A-11D0-8D11-00A0C91BC942}") = "libcurl", "..\..\..\curl-7.21.2\build-msvc\lib\libcurl.vcxproj", "{E1A089AB-1696-4CFD-BCF4-7A10E9017163}"
EndProject
Global
	GlobalSection(SolutionConfigurationPlatforms) = preSolution
		Debug Multithreaded|Win32 = Debug Multithreaded|Win32
		Debug Singlethreaded|Win32 = Debug Singlethreaded|Win32
		Debug|Win32 = Debug|Win32
		DLL Debug|Win32 = DLL Debug|Win32
		DLL Release|Win32 = DLL Release|Win32
		LIB Debug|Win32 = LIB Debug|Win32
		LIB Release|Win32 = LIB Release|Win32
		MinSizeRel|Win32 = MinSizeRel|Win32
		NOSSE2 Release|Win32 = NOSSE2 Release|Win32
		Release Multithreaded|Win32 = Release Multithreaded|Win32
		Release Singlethreaded|Win32 = Release Singlethreaded|Win32
		Release_NoSTDIO|Win32 = Release_NoSTDIO|Win32
		Release|Win32 = Release|Win32
		RelWithDebInfo|Win32 = RelWithDebInfo|Win32
	EndGlobalSection
	GlobalSection(ProjectConfigurationPlatforms) = postSolution
		{81CB51C4-B434-4E12-B69B-BAEE102F2852}.Debug Multithreaded|Win32.ActiveCfg = Debug|Win32
		{81CB51C4-B434-4E12-B69B-BAEE102F2852}.Debug Multithreaded|Win32.Build.0 = Debug|Win32
		{81CB51C4-B434-4E12-B69B-BAEE102F2852}.Debug Singlethreaded|Win32.ActiveCfg = Debug|Win32
		{81CB51C4-B434-4E12-B69B-BAEE102F2852}.Debug Singlethreaded|Win32.Build.0 = Debug|Win32
		{81CB51C4-B434-4E12-B69B-BAEE102F2852}.Debug|Win32.ActiveCfg = Debug|Win32
		{81CB51C4-B434-4E12-B69B-BAEE102F2852}.Debug|Win32.Build.0 = Debug|Win32
		{81CB51C4-B434-4E12-B69B-BAEE102F2852}.DLL Debug|Win32.ActiveCfg = Debug|Win32
		{81CB51C4-B434-4E12-B69B-BAEE102F2852}.DLL Debug|Win32.Build.0 = Debug|Win32
		{81CB51C4-B434-4E12-B69B-BAEE102F2852}.DLL Release|Win32.ActiveCfg = Release|Win32
		{81CB51C4-B434-4E12-B69B-BAEE102F2852}.DLL Release|Win32.Build.0 = Release|Win32
		{81CB51C4-B434-4E12-B69B-BAEE102F2852}.LIB Debug|Win32.ActiveCfg = Debug|Win32
		{81CB51C4-B434-4E12-B69B-BAEE102F2852}.LIB Debug|Win32.Build.0 = Debug|Win32
		{81CB51C4-B434-4E12-B69B-BAEE102F2852}.LIB Release|Win32.ActiveCfg = Release|Win32
		{81CB51C4-B434-4E12-B69B-BAEE102F2852}.LIB Release|Win32.Build.0 = Release|Win32
		{81CB51C4-B434-4E12-B69B-BAEE102F2852}.MinSizeRel|Win32.ActiveCfg = Release|Win32
		{81CB51C4-B434-4E12-B69B-BAEE102F2852}.MinSizeRel|Win32.Build.0 = Release|Win32
		{81CB51C4-B434-4E12-B69B-BAEE102F2852}.NOSSE2 Release|Win32.ActiveCfg = NOSSE2 Release|Win32
		{81CB51C4-B434-4E12-B69B-BAEE102F2852}.NOSSE2 Release|Win32.Build.0 = NOSSE2 Release|Win32
		{81CB51C4-B434-4E12-B69B-BAEE102F2852}.Release Multithreaded|Win32.ActiveCfg = Release|Win32
		{81CB51C4-B434-4E12-B69B-BAEE102F2852}.Release Multithreaded|Win32.Build.0 = Release|Win32
		{81CB51C4-B434-4E12-B69B-BAEE102F2852}.Release Singlethreaded|Win32.ActiveCfg = Release|Win32
		{81CB51C4-B434-4E12-B69B-BAEE102F2852}.Release Singlethreaded|Win32.Build.0 = Release|Win32
		{81CB51C4-B434-4E12-B69B-BAEE102F2852}.Release_NoSTDIO|Win32.ActiveCfg = Release|Win32
		{81CB51C4-B434-4E12-B69B-BAEE102F2852}.Release_NoSTDIO|Win32.Build.0 = Release|Win32
		{81CB51C4-B434-4E12-B69B-BAEE102F2852}.Release|Win32.ActiveCfg = Release|Win32
		{81CB51C4-B434-4E12-B69B-BAEE102F2852}.Release|Win32.Build.0 = Release|Win32
		{81CB51C4-B434-4E12-B69B-BAEE102F2852}.RelWithDebInfo|Win32.ActiveCfg = Release|Win32
		{81CB51C4-B434-4E12-B69B-BAEE102F2852}.RelWithDebInfo|Win32.Build.0 = Release|Win32
		{F9EE10DA-2404-4154-B904-F93C936C040A}.Debug Multithreaded|Win32.ActiveCfg = Debug|Win32
		{F9EE10DA-2404-4154-B904-F93C936C040A}.Debug Multithreaded|Win32.Build.0 = Debug|Win32
		{F9EE10DA-2404-4154-B904-F93C936C040A}.Debug Singlethreaded|Win32.ActiveCfg = Debug|Win32
		{F9EE10DA-2404-4154-B904-F93C936C040A}.Debug Singlethreaded|Win32.Build.0 = Debug|Win32
		{F9EE10DA-2404-4154-B904-F93C936C040A}.Debug|Win32.ActiveCfg = Debug|Win32
		{F9EE10DA-2404-4154-B904-F93C936C040A}.DLL Debug|Win32.ActiveCfg = Debug|Win32
		{F9EE10DA-2404-4154-B904-F93C936C040A}.DLL Debug|Win32.Build.0 = Debug|Win32
		{F9EE10DA-2404-4154-B904-F93C936C040A}.DLL Release|Win32.ActiveCfg = Release|Win32
		{F9EE10DA-2404-4154-B904-F93C936C040A}.DLL Release|Win32.Build.0 = Release|Win32
		{F9EE10DA-2404-4154-B904-F93C936C040A}.LIB Debug|Win32.ActiveCfg = Debug|Win32
		{F9EE10DA-2404-4154-B904-F93C936C040A}.LIB Debug|Win32.Build.0 = Debug|Win32
		{F9EE10DA-2404-4154-B904-F93C936C040A}.LIB Release|Win32.ActiveCfg = Release|Win32
		{F9EE10DA-2404-4154-B904-F93C936C040A}.LIB Release|Win32.Build.0 = Release|Win32
		{F9EE10DA-2404-4154-B904-F93C936C040A}.MinSizeRel|Win32.ActiveCfg = Release|Win32
		{F9EE10DA-2404-4154-B904-F93C936C040A}.MinSizeRel|Win32.Build.0 = Release|Win32
		{F9EE10DA-2404-4154-B904-F93C936C040A}.NOSSE2 Release|Win32.ActiveCfg = Release - NOSSE2|Win32
		{F9EE10DA-2404-4154-B904-F93C936C040A}.Release Multithreaded|Win32.ActiveCfg = Release Server|Win32
		{F9EE10DA-2404-4154-B904-F93C936C040A}.Release Multithreaded|Win32.Build.0 = Release Server|Win32
		{F9EE10DA-2404-4154-B904-F93C936C040A}.Release Singlethreaded|Win32.ActiveCfg = Release Server|Win32
		{F9EE10DA-2404-4154-B904-F93C936C040A}.Release Singlethreaded|Win32.Build.0 = Release Server|Win32
		{F9EE10DA-2404-4154-B904-F93C936C040A}.Release_NoSTDIO|Win32.ActiveCfg = Release|Win32
		{F9EE10DA-2404-4154-B904-F93C936C040A}.Release_NoSTDIO|Win32.Build.0 = Release|Win32
		{F9EE10DA-2404-4154-B904-F93C936C040A}.Release|Win32.ActiveCfg = Release|Win32
		{F9EE10DA-2404-4154-B904-F93C936C040A}.RelWithDebInfo|Win32.ActiveCfg = Release|Win32
		{F9EE10DA-2404-4154-B904-F93C936C040A}.RelWithDebInfo|Win32.Build.0 = Release|Win32
		{C878E295-CB82-4B40-8ECF-5CE5525466FA}.Debug Multithreaded|Win32.ActiveCfg = Debug|Win32
		{C878E295-CB82-4B40-8ECF-5CE5525466FA}.Debug Multithreaded|Win32.Build.0 = Debug|Win32
		{C878E295-CB82-4B40-8ECF-5CE5525466FA}.Debug Singlethreaded|Win32.ActiveCfg = Debug|Win32
		{C878E295-CB82-4B40-8ECF-5CE5525466FA}.Debug Singlethreaded|Win32.Build.0 = Debug|Win32
		{C878E295-CB82-4B40-8ECF-5CE5525466FA}.Debug|Win32.ActiveCfg = Debug|Win32
		{C878E295-CB82-4B40-8ECF-5CE5525466FA}.DLL Debug|Win32.ActiveCfg = Debug|Win32
		{C878E295-CB82-4B40-8ECF-5CE5525466FA}.DLL Debug|Win32.Build.0 = Debug|Win32
		{C878E295-CB82-4B40-8ECF-5CE5525466FA}.DLL Release|Win32.ActiveCfg = Release|Win32
		{C878E295-CB82-4B40-8ECF-5CE5525466FA}.DLL Release|Win32.Build.0 = Release|Win32
		{C878E295-CB82-4B40-8ECF-5CE5525466FA}.LIB Debug|Win32.ActiveCfg = Debug|Win32
		{C878E295-CB82-4B40-8ECF-5CE5525466FA}.LIB Debug|Win32.Build.0 = Debug|Win32
		{C878E295-CB82-4B40-8ECF-5CE5525466FA}.LIB Release|Win32.ActiveCfg = Release|Win32
		{C878E295-CB82-4B40-8ECF-5CE5525466FA}.LIB Release|Win32.Build.0 = Release|Win32
		{C878E295-CB82-4B40-8ECF-5CE5525466FA}.MinSizeRel|Win32.ActiveCfg = Release|Win32
		{C878E295-CB82-4B40-8ECF-5CE5525466FA}.MinSizeRel|Win32.Build.0 = Release|Win32
		{C878E295-CB82-4B40-8ECF-5CE5525466FA}.NOSSE2 Release|Win32.ActiveCfg = Release - NOSSE2|Win32
		{C878E295-CB82-4B40-8ECF-5CE5525466FA}.Release Multithreaded|Win32.ActiveCfg = Release Server|Win32
		{C878E295-CB82-4B40-8ECF-5CE5525466FA}.Release Multithreaded|Win32.Build.0 = Release Server|Win32
		{C878E295-CB82-4B40-8ECF-5CE5525466FA}.Release Singlethreaded|Win32.ActiveCfg = Release Server|Win32
		{C878E295-CB82-4B40-8ECF-5CE5525466FA}.Release Singlethreaded|Win32.Build.0 = Release Server|Win32
		{C878E295-CB82-4B40-8ECF-5CE5525466FA}.Release_NoSTDIO|Win32.ActiveCfg = Release|Win32
		{C878E295-CB82-4B40-8ECF-5CE5525466FA}.Release_NoSTDIO|Win32.Build.0 = Release|Win32
		{C878E295-CB82-4B40-8ECF-5CE5525466FA}.Release|Win32.ActiveCfg = Release|Win32
		{C878E295-CB82-4B40-8ECF-5CE5525466FA}.RelWithDebInfo|Win32.ActiveCfg = Release|Win32
		{C878E295-CB82-4B40-8ECF-5CE5525466FA}.RelWithDebInfo|Win32.Build.0 = Release|Win32
		{D454C4C7-7765-4149-ABAD-05FDEB9D94F8}.Debug Multithreaded|Win32.ActiveCfg = Debug|Win32
		{D454C4C7-7765-4149-ABAD-05FDEB9D94F8}.Debug Multithreaded|Win32.Build.0 = Debug|Win32
		{D454C4C7-7765-4149-ABAD-05FDEB9D94F8}.Debug Singlethreaded|Win32.ActiveCfg = Debug|Win32
		{D454C4C7-7765-4149-ABAD-05FDEB9D94F8}.Debug Singlethreaded|Win32.Build.0 = Debug|Win32
		{D454C4C7-7765-4149-ABAD-05FDEB9D94F8}.Debug|Win32.ActiveCfg = Debug|Win32
		{D454C4C7-7765-4149-ABAD-05FDEB9D94F8}.DLL Debug|Win32.ActiveCfg = Debug|Win32
		{D454C4C7-7765-4149-ABAD-05FDEB9D94F8}.DLL Debug|Win32.Build.0 = Debug|Win32
		{D454C4C7-7765-4149-ABAD-05FDEB9D94F8}.DLL Release|Win32.ActiveCfg = Release|Win32
		{D454C4C7-7765-4149-ABAD-05FDEB9D94F8}.DLL Release|Win32.Build.0 = Release|Win32
		{D454C4C7-7765-4149-ABAD-05FDEB9D94F8}.LIB Debug|Win32.ActiveCfg = Debug|Win32
		{D454C4C7-7765-4149-ABAD-05FDEB9D94F8}.LIB Debug|Win32.Build.0 = Debug|Win32
		{D454C4C7-7765-4149-ABAD-05FDEB9D94F8}.LIB Release|Win32.ActiveCfg = Release|Win32
		{D454C4C7-7765-4149-ABAD-05FDEB9D94F8}.LIB Release|Win32.Build.0 = Release|Win32
		{D454C4C7-7765-4149-ABAD-05FDEB9D94F8}.MinSizeRel|Win32.ActiveCfg = Release|Win32
		{D454C4C7-7765-4149-ABAD-05FDEB9D94F8}.MinSizeRel|Win32.Build.0 = Release|Win32
		{D454C4C7-7765-4149-ABAD-05FDEB9D94F8}.NOSSE2 Release|Win32.ActiveCfg = Release - NOSSE2|Win32
		{D454C4C7-7765-4149-ABAD-05FDEB9D94F8}.Release Multithreaded|Win32.ActiveCfg = Release Server|Win32
		{D454C4C7-7765-4149-ABAD-05FDEB9D94F8}.Release Multithreaded|Win32.Build.0 = Release Server|Win32
		{D454C4C7-7765-4149-ABAD-05FDEB9D94F8}.Release Singlethreaded|Win32.ActiveCfg = Release Server|Win32
		{D454C4C7-7765-4149-ABAD-05FDEB9D94F8}.Release Singlethreaded|Win32.Build.0 = Release Server|Win32
		{D454C4C7-7765-4149-ABAD-05FDEB9D94F8}.Release_NoSTDIO|Win32.ActiveCfg = Release|Win32
		{D454C4C7-7765-4149-ABAD-05FDEB9D94F8}.Release_NoSTDIO|Win32.Build.0 = Release|Win32
		{D454C4C7-7765-4149-ABAD-05FDEB9D94F8}.Release|Win32.ActiveCfg = Release|Win32
		{D454C4C7-7765-4149-ABAD-05FDEB9D94F8}.RelWithDebInfo|Win32.ActiveCfg = Release|Win32
		{D454C4C7-7765-4149-ABAD-05FDEB9D94F8}.RelWithDebInfo|Win32.Build.0 = Release|Win32
		{A8EAC38E-C7DA-42F8-811D-77FD092B9D19}.Debug Multithreaded|Win32.ActiveCfg = Debug|Win32
		{A8EAC38E-C7DA-42F8-811D-77FD092B9D19}.Debug Multithreaded|Win32.Build.0 = Debug|Win32
		{A8EAC38E-C7DA-42F8-811D-77FD092B9D19}.Debug Singlethreaded|Win32.ActiveCfg = Debug|Win32
		{A8EAC38E-C7DA-42F8-811D-77FD092B9D19}.Debug Singlethreaded|Win32.Build.0 = Debug|Win32
		{A8EAC38E-C7DA-42F8-811D-77FD092B9D19}.Debug|Win32.ActiveCfg = Debug|Win32
		{A8EAC38E-C7DA-42F8-811D-77FD092B9D19}.DLL Debug|Win32.ActiveCfg = Debug|Win32
		{A8EAC38E-C7DA-42F8-811D-77FD092B9D19}.DLL Debug|Win32.Build.0 = Debug|Win32
		{A8EAC38E-C7DA-42F8-811D-77FD092B9D19}.DLL Release|Win32.ActiveCfg = Release|Win32
		{A8EAC38E-C7DA-42F8-811D-77FD092B9D19}.DLL Release|Win32.Build.0 = Release|Win32
		{A8EAC38E-C7DA-42F8-811D-77FD092B9D19}.LIB Debug|Win32.ActiveCfg = Debug|Win32
		{A8EAC38E-C7DA-42F8-811D-77FD092B9D19}.LIB Debug|Win32.Build.0 = Debug|Win32
		{A8EAC38E-C7DA-42F8-811D-77FD092B9D19}.LIB Release|Win32.ActiveCfg = Release|Win32
		{A8EAC38E-C7DA-42F8-811D-77FD092B9D19}.LIB Release|Win32.Build.0 = Release|Win32
		{A8EAC38E-C7DA-42F8-811D-77FD092B9D19}.MinSizeRel|Win32.ActiveCfg = Release|Win32
		{A8EAC38E-C7DA-42F8-811D-77FD092B9D19}.MinSizeRel|Win32.Build.0 = Release|Win32
		{A8EAC38E-C7DA-42F8-811D-77FD092B9D19}.NOSSE2 Release|Win32.ActiveCfg = Release - NOSSE2|Win32
		{A8EAC38E-C7DA-42F8-811D-77FD092B9D19}.Release Multithreaded|Win32.ActiveCfg = Release Server|Win32
		{A8EAC38E-C7DA-42F8-811D-77FD092B9D19}.Release Multithreaded|Win32.Build.0 = Release Server|Win32
		{A8EAC38E-C7DA-42F8-811D-77FD092B9D19}.Release Singlethreaded|Win32.ActiveCfg = Release Server|Win32
		{A8EAC38E-C7DA-42F8-811D-77FD092B9D19}.Release Singlethreaded|Win32.Build.0 = Release Server|Win32
		{A8EAC38E-C7DA-42F8-811D-77FD092B9D19}.Release_NoSTDIO|Win32.ActiveCfg = Release|Win32
		{A8EAC38E-C7DA-42F8-811D-77FD092B9D19}.Release_NoSTDIO|Win32.Build.0 = Release|Win32
		{A8EAC38E-C7DA-42F8-811D-77FD092B9D19}.Release|Win32.ActiveCfg = Release|Win32
		{A8EAC38E-C7DA-42F8-811D-77FD092B9D19}.RelWithDebInfo|Win32.ActiveCfg = Release|Win32
		{A8EAC38E-C7DA-42F8-811D-77FD092B9D19}.RelWithDebInfo|Win32.Build.0 = Release|Win32
		{DA956FD3-E142-46F2-9DD5-C78BEBB56B7A}.Debug Multithreaded|Win32.ActiveCfg = Debug|Win32
		{DA956FD3-E142-46F2-9DD5-C78BEBB56B7A}.Debug Multithreaded|Win32.Build.0 = Debug|Win32
		{DA956FD3-E142-46F2-9DD5-C78BEBB56B7A}.Debug Singlethreaded|Win32.ActiveCfg = Debug|Win32
		{DA956FD3-E142-46F2-9DD5-C78BEBB56B7A}.Debug Singlethreaded|Win32.Build.0 = Debug|Win32
		{DA956FD3-E142-46F2-9DD5-C78BEBB56B7A}.Debug|Win32.ActiveCfg = Debug|Win32
		{DA956FD3-E142-46F2-9DD5-C78BEBB56B7A}.Debug|Win32.Build.0 = Debug|Win32
		{DA956FD3-E142-46F2-9DD5-C78BEBB56B7A}.DLL Debug|Win32.ActiveCfg = Debug|Win32
		{DA956FD3-E142-46F2-9DD5-C78BEBB56B7A}.DLL Debug|Win32.Build.0 = Debug|Win32
		{DA956FD3-E142-46F2-9DD5-C78BEBB56B7A}.DLL Release|Win32.ActiveCfg = Release|Win32
		{DA956FD3-E142-46F2-9DD5-C78BEBB56B7A}.DLL Release|Win32.Build.0 = Release|Win32
		{DA956FD3-E142-46F2-9DD5-C78BEBB56B7A}.LIB Debug|Win32.ActiveCfg = Debug|Win32
		{DA956FD3-E142-46F2-9DD5-C78BEBB56B7A}.LIB Debug|Win32.Build.0 = Debug|Win32
		{DA956FD3-E142-46F2-9DD5-C78BEBB56B7A}.LIB Release|Win32.ActiveCfg = Release|Win32
		{DA956FD3-E142-46F2-9DD5-C78BEBB56B7A}.LIB Release|Win32.Build.0 = Release|Win32
		{DA956FD3-E142-46F2-9DD5-C78BEBB56B7A}.MinSizeRel|Win32.ActiveCfg = Release|Win32
		{DA956FD3-E142-46F2-9DD5-C78BEBB56B7A}.MinSizeRel|Win32.Build.0 = Release|Win32
		{DA956FD3-E142-46F2-9DD5-C78BEBB56B7A}.NOSSE2 Release|Win32.ActiveCfg = Release|Win32
		{DA956FD3-E142-46F2-9DD5-C78BEBB56B7A}.NOSSE2 Release|Win32.Build.0 = Release|Win32
		{DA956FD3-E142-46F2-9DD5-C78BEBB56B7A}.Release Multithreaded|Win32.ActiveCfg = Release|Win32
		{DA956FD3-E142-46F2-9DD5-C78BEBB56B7A}.Release Multithreaded|Win32.Build.0 = Release|Win32
		{DA956FD3-E142-46F2-9DD5-C78BEBB56B7A}.Release Singlethreaded|Win32.ActiveCfg = Release|Win32
		{DA956FD3-E142-46F2-9DD5-C78BEBB56B7A}.Release Singlethreaded|Win32.Build.0 = Release|Win32
		{DA956FD3-E142-46F2-9DD5-C78BEBB56B7A}.Release_NoSTDIO|Win32.ActiveCfg = Release_NoSTDIO|Win32
		{DA956FD3-E142-46F2-9DD5-C78BEBB56B7A}.Release_NoSTDIO|Win32.Build.0 = Release_NoSTDIO|Win32
		{DA956FD3-E142-46F2-9DD5-C78BEBB56B7A}.Release|Win32.ActiveCfg = Release|Win32
		{DA956FD3-E142-46F2-9DD5-C78BEBB56B7A}.Release|Win32.Build.0 = Release|Win32
		{DA956FD3-E142-46F2-9DD5-C78BEBB56B7A}.RelWithDebInfo|Win32.ActiveCfg = Release|Win32
		{DA956FD3-E142-46F2-9DD5-C78BEBB56B7A}.RelWithDebInfo|Win32.Build.0 = Release|Win32
		{81CE8DAF-EBB2-4761-8E45-B71ABCCA8C68}.Debug Multithreaded|Win32.ActiveCfg = Debug|Win32
		{81CE8DAF-EBB2-4761-8E45-B71ABCCA8C68}.Debug Multithreaded|Win32.Build.0 = Debug|Win32
		{81CE8DAF-EBB2-4761-8E45-B71ABCCA8C68}.Debug Singlethreaded|Win32.ActiveCfg = Debug|Win32
		{81CE8DAF-EBB2-4761-8E45-B71ABCCA8C68}.Debug Singlethreaded|Win32.Build.0 = Debug|Win32
		{81CE8DAF-EBB2-4761-8E45-B71ABCCA8C68}.Debug|Win32.ActiveCfg = Debug|Win32
		{81CE8DAF-EBB2-4761-8E45-B71ABCCA8C68}.Debug|Win32.Build.0 = Debug|Win32
		{81CE8DAF-EBB2-4761-8E45-B71ABCCA8C68}.DLL Debug|Win32.ActiveCfg = Debug|Win32
		{81CE8DAF-EBB2-4761-8E45-B71ABCCA8C68}.DLL Debug|Win32.Build.0 = Debug|Win32
		{81CE8DAF-EBB2-4761-8E45-B71ABCCA8C68}.DLL Release|Win32.ActiveCfg = Release|Win32
		{81CE8DAF-EBB2-4761-8E45-B71ABCCA8C68}.DLL Release|Win32.Build.0 = Release|Win32
		{81CE8DAF-EBB2-4761-8E45-B71ABCCA8C68}.LIB Debug|Win32.ActiveCfg = Debug|Win32
		{81CE8DAF-EBB2-4761-8E45-B71ABCCA8C68}.LIB Debug|Win32.Build.0 = Debug|Win32
		{81CE8DAF-EBB2-4761-8E45-B71ABCCA8C68}.LIB Release|Win32.ActiveCfg = Release|Win32
		{81CE8DAF-EBB2-4761-8E45-B71ABCCA8C68}.LIB Release|Win32.Build.0 = Release|Win32
		{81CE8DAF-EBB2-4761-8E45-B71ABCCA8C68}.MinSizeRel|Win32.ActiveCfg = Release|Win32
		{81CE8DAF-EBB2-4761-8E45-B71ABCCA8C68}.MinSizeRel|Win32.Build.0 = Release|Win32
		{81CE8DAF-EBB2-4761-8E45-B71ABCCA8C68}.NOSSE2 Release|Win32.ActiveCfg = Release|Win32
		{81CE8DAF-EBB2-4761-8E45-B71ABCCA8C68}.NOSSE2 Release|Win32.Build.0 = Release|Win32
		{81CE8DAF-EBB2-4761-8E45-B71ABCCA8C68}.Release Multithreaded|Win32.ActiveCfg = Release|Win32
		{81CE8DAF-EBB2-4761-8E45-B71ABCCA8C68}.Release Multithreaded|Win32.Build.0 = Release|Win32
		{81CE8DAF-EBB2-4761-8E45-B71ABCCA8C68}.Release Singlethreaded|Win32.ActiveCfg = Release|Win32
		{81CE8DAF-EBB2-4761-8E45-B71ABCCA8C68}.Release Singlethreaded|Win32.Build.0 = Release|Win32
		{81CE8DAF-EBB2-4761-8E45-B71ABCCA8C68}.Release_NoSTDIO|Win32.ActiveCfg = Release|Win32
		{81CE8DAF-EBB2-4761-8E45-B71ABCCA8C68}.Release_NoSTDIO|Win32.Build.0 = Release|Win32
		{81CE8DAF-EBB2-4761-8E45-B71ABCCA8C68}.Release|Win32.ActiveCfg = Release|Win32
		{81CE8DAF-EBB2-4761-8E45-B71ABCCA8C68}.Release|Win32.Build.0 = Release|Win32
		{81CE8DAF-EBB2-4761-8E45-B71ABCCA8C68}.RelWithDebInfo|Win32.ActiveCfg = Release|Win32
		{81CE8DAF-EBB2-4761-8E45-B71ABCCA8C68}.RelWithDebInfo|Win32.Build.0 = Release|Win32
		{78B079BD-9FC7-4B9E-B4A6-96DA0F00248B}.Debug Multithreaded|Win32.ActiveCfg = Debug Multithreaded|Win32
		{78B079BD-9FC7-4B9E-B4A6-96DA0F00248B}.Debug Multithreaded|Win32.Build.0 = Debug Multithreaded|Win32
		{78B079BD-9FC7-4B9E-B4A6-96DA0F00248B}.Debug Singlethreaded|Win32.ActiveCfg = Debug Singlethreaded|Win32
		{78B079BD-9FC7-4B9E-B4A6-96DA0F00248B}.Debug Singlethreaded|Win32.Build.0 = Debug Singlethreaded|Win32
		{78B079BD-9FC7-4B9E-B4A6-96DA0F00248B}.Debug|Win32.ActiveCfg = Debug|Win32
		{78B079BD-9FC7-4B9E-B4A6-96DA0F00248B}.Debug|Win32.Build.0 = Debug|Win32
		{78B079BD-9FC7-4B9E-B4A6-96DA0F00248B}.DLL Debug|Win32.ActiveCfg = Debug|Win32
		{78B079BD-9FC7-4B9E-B4A6-96DA0F00248B}.DLL Debug|Win32.Build.0 = Debug|Win32
		{78B079BD-9FC7-4B9E-B4A6-96DA0F00248B}.DLL Release|Win32.ActiveCfg = Release|Win32
		{78B079BD-9FC7-4B9E-B4A6-96DA0F00248B}.DLL Release|Win32.Build.0 = Release|Win32
		{78B079BD-9FC7-4B9E-B4A6-96DA0F00248B}.LIB Debug|Win32.ActiveCfg = Debug|Win32
		{78B079BD-9FC7-4B9E-B4A6-96DA0F00248B}.LIB Debug|Win32.Build.0 = Debug|Win32
		{78B079BD-9FC7-4B9E-B4A6-96DA0F00248B}.LIB Release|Win32.ActiveCfg = Release|Win32
		{78B079BD-9FC7-4B9E-B4A6-96DA0F00248B}.LIB Release|Win32.Build.0 = Release|Win32
		{78B079BD-9FC7-4B9E-B4A6-96DA0F00248B}.MinSizeRel|Win32.ActiveCfg = Release|Win32
		{78B079BD-9FC7-4B9E-B4A6-96DA0F00248B}.MinSizeRel|Win32.Build.0 = Release|Win32
		{78B079BD-9FC7-4B9E-B4A6-96DA0F00248B}.NOSSE2 Release|Win32.ActiveCfg = Release|Win32
		{78B079BD-9FC7-4B9E-B4A6-96DA0F00248B}.NOSSE2 Release|Win32.Build.0 = Release|Win32
		{78B079BD-9FC7-4B9E-B4A6-96DA0F00248B}.Release Multithreaded|Win32.ActiveCfg = Release Multithreaded|Win32
		{78B079BD-9FC7-4B9E-B4A6-96DA0F00248B}.Release Multithreaded|Win32.Build.0 = Release Multithreaded|Win32
		{78B079BD-9FC7-4B9E-B4A6-96DA0F00248B}.Release Singlethreaded|Win32.ActiveCfg = Release Singlethreaded|Win32
		{78B079BD-9FC7-4B9E-B4A6-96DA0F00248B}.Release Singlethreaded|Win32.Build.0 = Release Singlethreaded|Win32
		{78B079BD-9FC7-4B9E-B4A6-96DA0F00248B}.Release_NoSTDIO|Win32.ActiveCfg = Release|Win32
		{78B079BD-9FC7-4B9E-B4A6-96DA0F00248B}.Release_NoSTDIO|Win32.Build.0 = Release|Win32
		{78B079BD-9FC7-4B9E-B4A6-96DA0F00248B}.Release|Win32.ActiveCfg = Release|Win32
		{78B079BD-9FC7-4B9E-B4A6-96DA0F00248B}.Release|Win32.Build.0 = Release|Win32
		{78B079BD-9FC7-4B9E-B4A6-96DA0F00248B}.RelWithDebInfo|Win32.ActiveCfg = Release|Win32
		{78B079BD-9FC7-4B9E-B4A6-96DA0F00248B}.RelWithDebInfo|Win32.Build.0 = Release|Win32
		{F7946C68-319D-441A-A732-BC2A200A9112}.Debug Multithreaded|Win32.ActiveCfg = Debug|Win32
		{F7946C68-319D-441A-A732-BC2A200A9112}.Debug Multithreaded|Win32.Build.0 = Debug|Win32
		{F7946C68-319D-441A-A732-BC2A200A9112}.Debug Singlethreaded|Win32.ActiveCfg = Debug|Win32
		{F7946C68-319D-441A-A732-BC2A200A9112}.Debug Singlethreaded|Win32.Build.0 = Debug|Win32
		{F7946C68-319D-441A-A732-BC2A200A9112}.Debug|Win32.ActiveCfg = Debug|Win32
		{F7946C68-319D-441A-A732-BC2A200A9112}.Debug|Win32.Build.0 = Debug|Win32
		{F7946C68-319D-441A-A732-BC2A200A9112}.DLL Debug|Win32.ActiveCfg = Debug|Win32
		{F7946C68-319D-441A-A732-BC2A200A9112}.DLL Debug|Win32.Build.0 = Debug|Win32
		{F7946C68-319D-441A-A732-BC2A200A9112}.DLL Release|Win32.ActiveCfg = Release|Win32
		{F7946C68-319D-441A-A732-BC2A200A9112}.DLL Release|Win32.Build.0 = Release|Win32
		{F7946C68-319D-441A-A732-BC2A200A9112}.LIB Debug|Win32.ActiveCfg = Debug|Win32
		{F7946C68-319D-441A-A732-BC2A200A9112}.LIB Debug|Win32.Build.0 = Debug|Win32
		{F7946C68-319D-441A-A732-BC2A200A9112}.LIB Release|Win32.ActiveCfg = Release|Win32
		{F7946C68-319D-441A-A732-BC2A200A9112}.LIB Release|Win32.Build.0 = Release|Win32
		{F7946C68-319D-441A-A732-BC2A200A9112}.MinSizeRel|Win32.ActiveCfg = Release|Win32
		{F7946C68-319D-441A-A732-BC2A200A9112}.MinSizeRel|Win32.Build.0 = Release|Win32
		{F7946C68-319D-441A-A732-BC2A200A9112}.NOSSE2 Release|Win32.ActiveCfg = Release|Win32
		{F7946C68-319D-441A-A732-BC2A200A9112}.NOSSE2 Release|Win32.Build.0 = Release|Win32
		{F7946C68-319D-441A-A732-BC2A200A9112}.Release Multithreaded|Win32.ActiveCfg = Release|Win32
		{F7946C68-319D-441A-A732-BC2A200A9112}.Release Multithreaded|Win32.Build.0 = Release|Win32
		{F7946C68-319D-441A-A732-BC2A200A9112}.Release Singlethreaded|Win32.ActiveCfg = Release|Win32
		{F7946C68-319D-441A-A732-BC2A200A9112}.Release Singlethreaded|Win32.Build.0 = Release|Win32
		{F7946C68-319D-441A-A732-BC2A200A9112}.Release_NoSTDIO|Win32.ActiveCfg = Release|Win32
		{F7946C68-319D-441A-A732-BC2A200A9112}.Release_NoSTDIO|Win32.Build.0 = Release|Win32
		{F7946C68-319D-441A-A732-BC2A200A9112}.Release|Win32.ActiveCfg = Release|Win32
		{F7946C68-319D-441A-A732-BC2A200A9112}.Release|Win32.Build.0 = Release|Win32
		{F7946C68-319D-441A-A732-BC2A200A9112}.RelWithDebInfo|Win32.ActiveCfg = Release|Win32
		{F7946C68-319D-441A-A732-BC2A200A9112}.RelWithDebInfo|Win32.Build.0 = Release|Win32
		{E1A089AB-1696-4CFD-BCF4-7A10E9017163}.Debug Multithreaded|Win32.ActiveCfg = Debug|Win32
		{E1A089AB-1696-4CFD-BCF4-7A10E9017163}.Debug Multithreaded|Win32.Build.0 = Debug|Win32
		{E1A089AB-1696-4CFD-BCF4-7A10E9017163}.Debug Singlethreaded|Win32.ActiveCfg = Debug|Win32
		{E1A089AB-1696-4CFD-BCF4-7A10E9017163}.Debug Singlethreaded|Win32.Build.0 = Debug|Win32
		{E1A089AB-1696-4CFD-BCF4-7A10E9017163}.Debug|Win32.ActiveCfg = Debug|Win32
		{E1A089AB-1696-4CFD-BCF4-7A10E9017163}.Debug|Win32.Build.0 = Debug|Win32
		{E1A089AB-1696-4CFD-BCF4-7A10E9017163}.DLL Debug|Win32.ActiveCfg = Debug|Win32
		{E1A089AB-1696-4CFD-BCF4-7A10E9017163}.DLL Debug|Win32.Build.0 = Debug|Win32
		{E1A089AB-1696-4CFD-BCF4-7A10E9017163}.DLL Release|Win32.ActiveCfg = Release|Win32
		{E1A089AB-1696-4CFD-BCF4-7A10E9017163}.DLL Release|Win32.Build.0 = Release|Win32
		{E1A089AB-1696-4CFD-BCF4-7A10E9017163}.LIB Debug|Win32.ActiveCfg = Debug|Win32
		{E1A089AB-1696-4CFD-BCF4-7A10E9017163}.LIB Debug|Win32.Build.0 = Debug|Win32
		{E1A089AB-1696-4CFD-BCF4-7A10E9017163}.LIB Release|Win32.ActiveCfg = Release|Win32
		{E1A089AB-1696-4CFD-BCF4-7A10E9017163}.LIB Release|Win32.Build.0 = Release|Win32
		{E1A089AB-1696-4CFD-BCF4-7A10E9017163}.MinSizeRel|Win32.ActiveCfg = MinSizeRel|Win32
		{E1A089AB-1696-4CFD-BCF4-7A10E9017163}.MinSizeRel|Win32.Build.0 = MinSizeRel|Win32
		{E1A089AB-1696-4CFD-BCF4-7A10E9017163}.NOSSE2 Release|Win32.ActiveCfg = Release|Win32
		{E1A089AB-1696-4CFD-BCF4-7A10E9017163}.NOSSE2 Release|Win32.Build.0 = Release|Win32
		{E1A089AB-1696-4CFD-BCF4-7A10E9017163}.Release Multithreaded|Win32.ActiveCfg = Release|Win32
		{E1A089AB-1696-4CFD-BCF4-7A10E9017163}.Release Multithreaded|Win32.Build.0 = Release|Win32
		{E1A089AB-1696-4CFD-BCF4-7A10E9017163}.Release Singlethreaded|Win32.ActiveCfg = Release|Win32
		{E1A089AB-1696-4CFD-BCF4-7A10E9017163}.Release Singlethreaded|Win32.Build.0 = Release|Win32
		{E1A089AB-1696-4CFD-BCF4-7A10E9017163}.Release_NoSTDIO|Win32.ActiveCfg = Release|Win32
		{E1A089AB-1696-4CFD-BCF4-7A10E9017163}.Release_NoSTDIO|Win32.Build.0 = Release|Win32
		{E1A089AB-1696-4CFD-BCF4-7A10E9017163}.Release|Win32.ActiveCfg = Release|Win32
		{E1A089AB-1696-4CFD-BCF4-7A10E9017163}.Release|Win32.Build.0 = Release|Win32
		{E1A089AB-1696-4CFD-BCF4-7A10E9017163}.RelWithDebInfo|Win32.ActiveCfg = RelWithDebInfo|Win32
		{E1A089AB-1696-4CFD-BCF4-7A10E9017163}.RelWithDebInfo|Win32.Build.0 = RelWithDebInfo|Win32
	EndGlobalSection
	GlobalSection(SolutionProperties) = preSolution
		HideSolutionNode = FALSE
	EndGlobalSection
EndGlobal
